github.com/twihike/go-strcase v0.0.0-20210918145406-6daf5890f181 h1:bVs0CuOnIbYVV0BoPp59X/JbdBPDdPIgVsVopXgp3j8=
github.com/twihike/go-strcase v0.0.0-20210918145406-6daf5890f181/go.mod h1:l4pbHmTBnu86EpypSG1GPGNzXT6eRtRhbaym+iP603c=
github.com/twihike/go-structconv v0.0.0-20210919130734-15d2a7789c0d h1:k36yAZX18wlnWZuGwMBVLyoxUqm2KSder5YIbPWm+KY=
github.com/twihike/go-structconv v0.0.0-20210919130734-15d2a7789c0d/go.mod h1:KhJUykC2Zcb0KMlAQFbqH3GedDqoX/5BI9kYTaP4pjc=
