github.com/twihike/go-strcase v0.0.0-20201009142638-fa028f44a679 h1:+tvZTr/RE7Li/N3aj/DWvUjwoqeikYOPP7yd5PnJ/JY=
github.com/twihike/go-strcase v0.0.0-20201009142638-fa028f44a679/go.mod h1:DtVRalmcMpMRI6Xre24dbUlSHDUYN3gXEgWOdQtxEHA=
github.com/twihike/go-structconv v0.0.0-20201220145339-fbc64a9c733b h1:OKVkXoVM8Nq1EJiwJT1xHB6uppsFjjySj5FkOyYeb6w=
github.com/twihike/go-structconv v0.0.0-20201220145339-fbc64a9c733b/go.mod h1:h9mQfKIUZXnqrZMXR0L5Usnl1Eq2vlUvVQ+QgB8weI0=
